
Microsoft Visual Studio Solution File, Format Version 11.00
# Visual Studio 2010
Project("{8BC9CEB8-8B4A-11D0-8D11-00A0C91BC942}") = "libiconv", "libiconv.vcxproj", "{39B52078-0A4E-4657-90DC-F376315445C0}"
EndProject
Project("{8BC9CEB8-8B4A-11D0-8D11-00A0C91BC942}") = "libiconv-static", "libiconv-static.vcxproj", "{6B6ED8D0-B73B-4057-963D-1C973C55917E}"
EndProject
Project("{8BC9CEB8-8B4A-11D0-8D11-00A0C91BC942}") = "libiconvtest", "libiconvtest.vcxproj", "{CDD13FE3-182C-4059-A962-09F394FD8912}"
EndProject
Project("{8BC9CEB8-8B4A-11D0-8D11-00A0C91BC942}") = "libiconvtest-from", "libiconvtest-from.vcxproj", "{255530C1-1FA2-4A2E-8F97-6435613805BE}"
EndProject
Project("{8BC9CEB8-8B4A-11D0-8D11-00A0C91BC942}") = "libiconvtest-to", "libiconvtest-to.vcxproj", "{A9FD873A-CBDB-4E7E-817C-00666AAD94D6}"
EndProject
Project("{8BC9CEB8-8B4A-11D0-8D11-00A0C91BC942}") = "libiconvtest-uniq", "libiconvtest-uniq.vcxproj", "{7C6D4084-A3E6-46EC-9464-AFB48000BD71}"
EndProject
Global
	GlobalSection(SolutionConfigurationPlatforms) = preSolution
		Debug|Win32 = Debug|Win32
		Debug|x64 = Debug|x64
		Release|Win32 = Release|Win32
		Release|x64 = Release|x64
	EndGlobalSection
	GlobalSection(ProjectConfigurationPlatforms) = postSolution
		{39B52078-0A4E-4657-90DC-F376315445C0}.Debug|Win32.ActiveCfg = Debug|Win32
		{39B52078-0A4E-4657-90DC-F376315445C0}.Debug|Win32.Build.0 = Debug|Win32
		{39B52078-0A4E-4657-90DC-F376315445C0}.Debug|x64.ActiveCfg = Debug|x64
		{39B52078-0A4E-4657-90DC-F376315445C0}.Debug|x64.Build.0 = Debug|x64
		{39B52078-0A4E-4657-90DC-F376315445C0}.Release|Win32.ActiveCfg = Release|Win32
		{39B52078-0A4E-4657-90DC-F376315445C0}.Release|Win32.Build.0 = Release|Win32
		{39B52078-0A4E-4657-90DC-F376315445C0}.Release|x64.ActiveCfg = Release|x64
		{39B52078-0A4E-4657-90DC-F376315445C0}.Release|x64.Build.0 = Release|x64
		{6B6ED8D0-B73B-4057-963D-1C973C55917E}.Debug|Win32.ActiveCfg = Debug|Win32
		{6B6ED8D0-B73B-4057-963D-1C973C55917E}.Debug|Win32.Build.0 = Debug|Win32
		{6B6ED8D0-B73B-4057-963D-1C973C55917E}.Debug|x64.ActiveCfg = Debug|x64
		{6B6ED8D0-B73B-4057-963D-1C973C55917E}.Debug|x64.Build.0 = Debug|x64
		{6B6ED8D0-B73B-4057-963D-1C973C55917E}.Release|Win32.ActiveCfg = Release|Win32
		{6B6ED8D0-B73B-4057-963D-1C973C55917E}.Release|Win32.Build.0 = Release|Win32
		{6B6ED8D0-B73B-4057-963D-1C973C55917E}.Release|x64.ActiveCfg = Release|x64
		{6B6ED8D0-B73B-4057-963D-1C973C55917E}.Release|x64.Build.0 = Release|x64
		{CDD13FE3-182C-4059-A962-09F394FD8912}.Debug|Win32.ActiveCfg = Debug|Win32
		{CDD13FE3-182C-4059-A962-09F394FD8912}.Debug|Win32.Build.0 = Debug|Win32
		{CDD13FE3-182C-4059-A962-09F394FD8912}.Debug|x64.ActiveCfg = Debug|x64
		{CDD13FE3-182C-4059-A962-09F394FD8912}.Debug|x64.Build.0 = Debug|x64
		{CDD13FE3-182C-4059-A962-09F394FD8912}.Release|Win32.ActiveCfg = Release|Win32
		{CDD13FE3-182C-4059-A962-09F394FD8912}.Release|Win32.Build.0 = Release|Win32
		{CDD13FE3-182C-4059-A962-09F394FD8912}.Release|x64.ActiveCfg = Release|x64
		{CDD13FE3-182C-4059-A962-09F394FD8912}.Release|x64.Build.0 = Release|x64
		{255530C1-1FA2-4A2E-8F97-6435613805BE}.Debug|Win32.ActiveCfg = Debug|Win32
		{255530C1-1FA2-4A2E-8F97-6435613805BE}.Debug|Win32.Build.0 = Debug|Win32
		{255530C1-1FA2-4A2E-8F97-6435613805BE}.Debug|x64.ActiveCfg = Debug|x64
		{255530C1-1FA2-4A2E-8F97-6435613805BE}.Debug|x64.Build.0 = Debug|x64
		{255530C1-1FA2-4A2E-8F97-6435613805BE}.Release|Win32.ActiveCfg = Release|Win32
		{255530C1-1FA2-4A2E-8F97-6435613805BE}.Release|Win32.Build.0 = Release|Win32
		{255530C1-1FA2-4A2E-8F97-6435613805BE}.Release|x64.ActiveCfg = Release|x64
		{255530C1-1FA2-4A2E-8F97-6435613805BE}.Release|x64.Build.0 = Release|x64
		{A9FD873A-CBDB-4E7E-817C-00666AAD94D6}.Debug|Win32.ActiveCfg = Debug|Win32
		{A9FD873A-CBDB-4E7E-817C-00666AAD94D6}.Debug|Win32.Build.0 = Debug|Win32
		{A9FD873A-CBDB-4E7E-817C-00666AAD94D6}.Debug|x64.ActiveCfg = Debug|x64
		{A9FD873A-CBDB-4E7E-817C-00666AAD94D6}.Debug|x64.Build.0 = Debug|x64
		{A9FD873A-CBDB-4E7E-817C-00666AAD94D6}.Release|Win32.ActiveCfg = Release|Win32
		{A9FD873A-CBDB-4E7E-817C-00666AAD94D6}.Release|Win32.Build.0 = Release|Win32
		{A9FD873A-CBDB-4E7E-817C-00666AAD94D6}.Release|x64.ActiveCfg = Release|x64
		{A9FD873A-CBDB-4E7E-817C-00666AAD94D6}.Release|x64.Build.0 = Release|x64
		{7C6D4084-A3E6-46EC-9464-AFB48000BD71}.Debug|Win32.ActiveCfg = Debug|Win32
		{7C6D4084-A3E6-46EC-9464-AFB48000BD71}.Debug|Win32.Build.0 = Debug|Win32
		{7C6D4084-A3E6-46EC-9464-AFB48000BD71}.Debug|x64.ActiveCfg = Debug|x64
		{7C6D4084-A3E6-46EC-9464-AFB48000BD71}.Debug|x64.Build.0 = Debug|x64
		{7C6D4084-A3E6-46EC-9464-AFB48000BD71}.Release|Win32.ActiveCfg = Release|Win32
		{7C6D4084-A3E6-46EC-9464-AFB48000BD71}.Release|Win32.Build.0 = Release|Win32
		{7C6D4084-A3E6-46EC-9464-AFB48000BD71}.Release|x64.ActiveCfg = Release|x64
		{7C6D4084-A3E6-46EC-9464-AFB48000BD71}.Release|x64.Build.0 = Release|x64
	EndGlobalSection
	GlobalSection(SolutionProperties) = preSolution
		HideSolutionNode = FALSE
	EndGlobalSection
EndGlobal
